// !$*UTF8*$!
{
	archiveVersion = 1;
	classes = {
	};
	objectVersion = 46;
	objects = {

/* Begin PBXBuildFile section */
		0F08DF271764D4D500433862 /* UIKit.framework in Frameworks */ = {isa = PBXBuildFile; fileRef = 0F08DF261764D4D500433862 /* UIKit.framework */; };
		0F08DF291764D4D500433862 /* Foundation.framework in Frameworks */ = {isa = PBXBuildFile; fileRef = 0F08DF281764D4D500433862 /* Foundation.framework */; };
		0F08DF2B1764D4D500433862 /* CoreGraphics.framework in Frameworks */ = {isa = PBXBuildFile; fileRef = 0F08DF2A1764D4D500433862 /* CoreGraphics.framework */; };
		0F08DF311764D4D500433862 /* InfoPlist.strings in Resources */ = {isa = PBXBuildFile; fileRef = 0F08DF2F1764D4D500433862 /* InfoPlist.strings */; };
		0F08DF331764D4D500433862 /* main.m in Sources */ = {isa = PBXBuildFile; fileRef = 0F08DF321764D4D500433862 /* main.m */; };
		0F08DF371764D4D500433862 /* AppDelegate.m in Sources */ = {isa = PBXBuildFile; fileRef = 0F08DF361764D4D500433862 /* AppDelegate.m */; };
		0F08DF3A1764D4D500433862 /* ViewController.m in Sources */ = {isa = PBXBuildFile; fileRef = 0F08DF391764D4D500433862 /* ViewController.m */; };
		0F08DF3D1764D4D600433862 /* ViewController.xib in Resources */ = {isa = PBXBuildFile; fileRef = 0F08DF3B1764D4D600433862 /* ViewController.xib */; };
		0F08DF5B1764D51700433862 /* ASIAuthenticationDialog.m in Sources */ = {isa = PBXBuildFile; fileRef = 0F08DF451764D51700433862 /* ASIAuthenticationDialog.m */; };
		0F08DF5C1764D51700433862 /* ASIDataCompressor.m in Sources */ = {isa = PBXBuildFile; fileRef = 0F08DF481764D51700433862 /* ASIDataCompressor.m */; };
		0F08DF5D1764D51700433862 /* ASIDataDecompressor.m in Sources */ = {isa = PBXBuildFile; fileRef = 0F08DF4A1764D51700433862 /* ASIDataDecompressor.m */; };
		0F08DF5E1764D51700433862 /* ASIDownloadCache.m in Sources */ = {isa = PBXBuildFile; fileRef = 0F08DF4C1764D51700433862 /* ASIDownloadCache.m */; };
		0F08DF5F1764D51700433862 /* ASIFormDataRequest.m in Sources */ = {isa = PBXBuildFile; fileRef = 0F08DF4E1764D51700433862 /* ASIFormDataRequest.m */; };
		0F08DF601764D51700433862 /* ASIHTTPRequest.m in Sources */ = {isa = PBXBuildFile; fileRef = 0F08DF501764D51700433862 /* ASIHTTPRequest.m */; };
		0F08DF611764D51700433862 /* ASIInputStream.m in Sources */ = {isa = PBXBuildFile; fileRef = 0F08DF541764D51700433862 /* ASIInputStream.m */; };
		0F08DF621764D51700433862 /* ASINetworkQueue.m in Sources */ = {isa = PBXBuildFile; fileRef = 0F08DF561764D51700433862 /* ASINetworkQueue.m */; };
		0F08DF631764D51700433862 /* Reachability.m in Sources */ = {isa = PBXBuildFile; fileRef = 0F08DF5A1764D51700433862 /* Reachability.m */; };
		0F08DF6B1764D51B00433862 /* TFHpple.m in Sources */ = {isa = PBXBuildFile; fileRef = 0F08DF661764D51B00433862 /* TFHpple.m */; };
		0F08DF6C1764D51B00433862 /* TFHppleElement.m in Sources */ = {isa = PBXBuildFile; fileRef = 0F08DF681764D51B00433862 /* TFHppleElement.m */; };
		0F08DF6D1764D51B00433862 /* XPathQuery.m in Sources */ = {isa = PBXBuildFile; fileRef = 0F08DF6A1764D51B00433862 /* XPathQuery.m */; };
		0F08DF6F1764D59800433862 /* MobileCoreServices.framework in Frameworks */ = {isa = PBXBuildFile; fileRef = 0F08DF6E1764D59800433862 /* MobileCoreServices.framework */; };
		0F08DF711764D5A000433862 /* SystemConfiguration.framework in Frameworks */ = {isa = PBXBuildFile; fileRef = 0F08DF701764D5A000433862 /* SystemConfiguration.framework */; };
		0F08DF731764D5A600433862 /* Security.framework in Frameworks */ = {isa = PBXBuildFile; fileRef = 0F08DF721764D5A600433862 /* Security.framework */; };
		0F08DF751764D5AB00433862 /* CFNetwork.framework in Frameworks */ = {isa = PBXBuildFile; fileRef = 0F08DF741764D5AB00433862 /* CFNetwork.framework */; };
		0F08DF771764D5B100433862 /* libz.1.2.5.dylib in Frameworks */ = {isa = PBXBuildFile; fileRef = 0F08DF761764D5B100433862 /* libz.1.2.5.dylib */; };
		0F08DF791764D5EF00433862 /* libxml2.dylib in Frameworks */ = {isa = PBXBuildFile; fileRef = 0F08DF781764D5EF00433862 /* libxml2.dylib */; };
/* End PBXBuildFile section */

/* Begin PBXFileReference section */
		0F08DF221764D4D500433862 /* TH.app */ = {isa = PBXFileReference; explicitFileType = wrapper.application; includeInIndex = 0; path = TH.app; sourceTree = BUILT_PRODUCTS_DIR; };
		0F08DF261764D4D500433862 /* UIKit.framework */ = {isa = PBXFileReference; lastKnownFileType = wrapper.framework; name = UIKit.framework; path = System/Library/Frameworks/UIKit.framework; sourceTree = SDKROOT; };
		0F08DF281764D4D500433862 /* Foundation.framework */ = {isa = PBXFileReference; lastKnownFileType = wrapper.framework; name = Foundation.framework; path = System/Library/Frameworks/Foundation.framework; sourceTree = SDKROOT; };
		0F08DF2A1764D4D500433862 /* CoreGraphics.framework */ = {isa = PBXFileReference; lastKnownFileType = wrapper.framework; name = CoreGraphics.framework; path = System/Library/Frameworks/CoreGraphics.framework; sourceTree = SDKROOT; };
		0F08DF2E1764D4D500433862 /* TH-Info.plist */ = {isa = PBXFileReference; lastKnownFileType = text.plist.xml; path = "TH-Info.plist"; sourceTree = "<group>"; };
		0F08DF301764D4D500433862 /* en */ = {isa = PBXFileReference; lastKnownFileType = text.plist.strings; name = en; path = en.lproj/InfoPlist.strings; sourceTree = "<group>"; };
		0F08DF321764D4D500433862 /* main.m */ = {isa = PBXFileReference; lastKnownFileType = sourcecode.c.objc; path = main.m; sourceTree = "<group>"; };
		0F08DF341764D4D500433862 /* TH-Prefix.pch */ = {isa = PBXFileReference; lastKnownFileType = sourcecode.c.h; path = "TH-Prefix.pch"; sourceTree = "<group>"; };
		0F08DF351764D4D500433862 /* AppDelegate.h */ = {isa = PBXFileReference; lastKnownFileType = sourcecode.c.h; path = AppDelegate.h; sourceTree = "<group>"; };
		0F08DF361764D4D500433862 /* AppDelegate.m */ = {isa = PBXFileReference; lastKnownFileType = sourcecode.c.objc; path = AppDelegate.m; sourceTree = "<group>"; };
		0F08DF381764D4D500433862 /* ViewController.h */ = {isa = PBXFileReference; lastKnownFileType = sourcecode.c.h; path = ViewController.h; sourceTree = "<group>"; };
		0F08DF391764D4D500433862 /* ViewController.m */ = {isa = PBXFileReference; lastKnownFileType = sourcecode.c.objc; path = ViewController.m; sourceTree = "<group>"; };
		0F08DF3C1764D4D600433862 /* en */ = {isa = PBXFileReference; lastKnownFileType = file.xib; name = en; path = en.lproj/ViewController.xib; sourceTree = "<group>"; };
		0F08DF441764D51700433862 /* ASIAuthenticationDialog.h */ = {isa = PBXFileReference; fileEncoding = 4; lastKnownFileType = sourcecode.c.h; path = ASIAuthenticationDialog.h; sourceTree = "<group>"; };
		0F08DF451764D51700433862 /* ASIAuthenticationDialog.m */ = {isa = PBXFileReference; fileEncoding = 4; lastKnownFileType = sourcecode.c.objc; path = ASIAuthenticationDialog.m; sourceTree = "<group>"; };
		0F08DF461764D51700433862 /* ASICacheDelegate.h */ = {isa = PBXFileReference; fileEncoding = 4; lastKnownFileType = sourcecode.c.h; path = ASICacheDelegate.h; sourceTree = "<group>"; };
		0F08DF471764D51700433862 /* ASIDataCompressor.h */ = {isa = PBXFileReference; fileEncoding = 4; lastKnownFileType = sourcecode.c.h; path = ASIDataCompressor.h; sourceTree = "<group>"; };
		0F08DF481764D51700433862 /* ASIDataCompressor.m */ = {isa = PBXFileReference; fileEncoding = 4; lastKnownFileType = sourcecode.c.objc; path = ASIDataCompressor.m; sourceTree = "<group>"; };
		0F08DF491764D51700433862 /* ASIDataDecompressor.h */ = {isa = PBXFileReference; fileEncoding = 4; lastKnownFileType = sourcecode.c.h; path = ASIDataDecompressor.h; sourceTree = "<group>"; };
		0F08DF4A1764D51700433862 /* ASIDataDecompressor.m */ = {isa = PBXFileReference; fileEncoding = 4; lastKnownFileType = sourcecode.c.objc; path = ASIDataDecompressor.m; sourceTree = "<group>"; };
		0F08DF4B1764D51700433862 /* ASIDownloadCache.h */ = {isa = PBXFileReference; fileEncoding = 4; lastKnownFileType = sourcecode.c.h; path = ASIDownloadCache.h; sourceTree = "<group>"; };
		0F08DF4C1764D51700433862 /* ASIDownloadCache.m */ = {isa = PBXFileReference; fileEncoding = 4; lastKnownFileType = sourcecode.c.objc; path = ASIDownloadCache.m; sourceTree = "<group>"; };
		0F08DF4D1764D51700433862 /* ASIFormDataRequest.h */ = {isa = PBXFileReference; fileEncoding = 4; lastKnownFileType = sourcecode.c.h; path = ASIFormDataRequest.h; sourceTree = "<group>"; };
		0F08DF4E1764D51700433862 /* ASIFormDataRequest.m */ = {isa = PBXFileReference; fileEncoding = 4; lastKnownFileType = sourcecode.c.objc; path = ASIFormDataRequest.m; sourceTree = "<group>"; };
		0F08DF4F1764D51700433862 /* ASIHTTPRequest.h */ = {isa = PBXFileReference; fileEncoding = 4; lastKnownFileType = sourcecode.c.h; path = ASIHTTPRequest.h; sourceTree = "<group>"; };
		0F08DF501764D51700433862 /* ASIHTTPRequest.m */ = {isa = PBXFileReference; fileEncoding = 4; lastKnownFileType = sourcecode.c.objc; path = ASIHTTPRequest.m; sourceTree = "<group>"; };
		0F08DF511764D51700433862 /* ASIHTTPRequestConfig.h */ = {isa = PBXFileReference; fileEncoding = 4; lastKnownFileType = sourcecode.c.h; path = ASIHTTPRequestConfig.h; sourceTree = "<group>"; };
		0F08DF521764D51700433862 /* ASIHTTPRequestDelegate.h */ = {isa = PBXFileReference; fileEncoding = 4; lastKnownFileType = sourcecode.c.h; path = ASIHTTPRequestDelegate.h; sourceTree = "<group>"; };
		0F08DF531764D51700433862 /* ASIInputStream.h */ = {isa = PBXFileReference; fileEncoding = 4; lastKnownFileType = sourcecode.c.h; path = ASIInputStream.h; sourceTree = "<group>"; };
		0F08DF541764D51700433862 /* ASIInputStream.m */ = {isa = PBXFileReference; fileEncoding = 4; lastKnownFileType = sourcecode.c.objc; path = ASIInputStream.m; sourceTree = "<group>"; };
		0F08DF551764D51700433862 /* ASINetworkQueue.h */ = {isa = PBXFileReference; fileEncoding = 4; lastKnownFileType = sourcecode.c.h; path = ASINetworkQueue.h; sourceTree = "<group>"; };
		0F08DF561764D51700433862 /* ASINetworkQueue.m */ = {isa = PBXFileReference; fileEncoding = 4; lastKnownFileType = sourcecode.c.objc; path = ASINetworkQueue.m; sourceTree = "<group>"; };
		0F08DF571764D51700433862 /* ASIProgressDelegate.h */ = {isa = PBXFileReference; fileEncoding = 4; lastKnownFileType = sourcecode.c.h; path = ASIProgressDelegate.h; sourceTree = "<group>"; };
		0F08DF591764D51700433862 /* Reachability.h */ = {isa = PBXFileReference; fileEncoding = 4; lastKnownFileType = sourcecode.c.h; path = Reachability.h; sourceTree = "<group>"; };
		0F08DF5A1764D51700433862 /* Reachability.m */ = {isa = PBXFileReference; fileEncoding = 4; lastKnownFileType = sourcecode.c.objc; path = Reachability.m; sourceTree = "<group>"; };
		0F08DF651764D51B00433862 /* TFHpple.h */ = {isa = PBXFileReference; fileEncoding = 4; lastKnownFileType = sourcecode.c.h; path = TFHpple.h; sourceTree = "<group>"; };
		0F08DF661764D51B00433862 /* TFHpple.m */ = {isa = PBXFileReference; fileEncoding = 4; lastKnownFileType = sourcecode.c.objc; path = TFHpple.m; sourceTree = "<group>"; };
		0F08DF671764D51B00433862 /* TFHppleElement.h */ = {isa = PBXFileReference; fileEncoding = 4; lastKnownFileType = sourcecode.c.h; path = TFHppleElement.h; sourceTree = "<group>"; };
		0F08DF681764D51B00433862 /* TFHppleElement.m */ = {isa = PBXFileReference; fileEncoding = 4; lastKnownFileType = sourcecode.c.objc; path = TFHppleElement.m; sourceTree = "<group>"; };
		0F08DF691764D51B00433862 /* XPathQuery.h */ = {isa = PBXFileReference; fileEncoding = 4; lastKnownFileType = sourcecode.c.h; path = XPathQuery.h; sourceTree = "<group>"; };
		0F08DF6A1764D51B00433862 /* XPathQuery.m */ = {isa = PBXFileReference; fileEncoding = 4; lastKnownFileType = sourcecode.c.objc; path = XPathQuery.m; sourceTree = "<group>"; };
		0F08DF6E1764D59800433862 /* MobileCoreServices.framework */ = {isa = PBXFileReference; lastKnownFileType = wrapper.framework; name = MobileCoreServices.framework; path = System/Library/Frameworks/MobileCoreServices.framework; sourceTree = SDKROOT; };
		0F08DF701764D5A000433862 /* SystemConfiguration.framework */ = {isa = PBXFileReference; lastKnownFileType = wrapper.framework; name = SystemConfiguration.framework; path = System/Library/Frameworks/SystemConfiguration.framework; sourceTree = SDKROOT; };
		0F08DF721764D5A600433862 /* Security.framework */ = {isa = PBXFileReference; lastKnownFileType = wrapper.framework; name = Security.framework; path = System/Library/Frameworks/Security.framework; sourceTree = SDKROOT; };
		0F08DF741764D5AB00433862 /* CFNetwork.framework */ = {isa = PBXFileReference; lastKnownFileType = wrapper.framework; name = CFNetwork.framework; path = System/Library/Frameworks/CFNetwork.framework; sourceTree = SDKROOT; };
		0F08DF761764D5B100433862 /* libz.1.2.5.dylib */ = {isa = PBXFileReference; lastKnownFileType = "compiled.mach-o.dylib"; name = libz.1.2.5.dylib; path = usr/lib/libz.1.2.5.dylib; sourceTree = SDKROOT; };
		0F08DF781764D5EF00433862 /* libxml2.dylib */ = {isa = PBXFileReference; lastKnownFileType = "compiled.mach-o.dylib"; name = libxml2.dylib; path = usr/lib/libxml2.dylib; sourceTree = SDKROOT; };
/* End PBXFileReference section */

/* Begin PBXFrameworksBuildPhase section */
		0F08DF1F1764D4D500433862 /* Frameworks */ = {
			isa = PBXFrameworksBuildPhase;
			buildActionMask = 2147483647;
			files = (
				0F08DF791764D5EF00433862 /* libxml2.dylib in Frameworks */,
				0F08DF771764D5B100433862 /* libz.1.2.5.dylib in Frameworks */,
				0F08DF751764D5AB00433862 /* CFNetwork.framework in Frameworks */,
				0F08DF731764D5A600433862 /* Security.framework in Frameworks */,
				0F08DF711764D5A000433862 /* SystemConfiguration.framework in Frameworks */,
				0F08DF6F1764D59800433862 /* MobileCoreServices.framework in Frameworks */,
				0F08DF271764D4D500433862 /* UIKit.framework in Frameworks */,
				0F08DF291764D4D500433862 /* Foundation.framework in Frameworks */,
				0F08DF2B1764D4D500433862 /* CoreGraphics.framework in Frameworks */,
			);
			runOnlyForDeploymentPostprocessing = 0;
		};
/* End PBXFrameworksBuildPhase section */

/* Begin PBXGroup section */
		0F08DF171764D4D500433862 = {
			isa = PBXGroup;
			children = (
				0F08DF781764D5EF00433862 /* libxml2.dylib */,
				0F08DF761764D5B100433862 /* libz.1.2.5.dylib */,
				0F08DF741764D5AB00433862 /* CFNetwork.framework */,
				0F08DF721764D5A600433862 /* Security.framework */,
				0F08DF701764D5A000433862 /* SystemConfiguration.framework */,
				0F08DF6E1764D59800433862 /* MobileCoreServices.framework */,
				0F08DF2C1764D4D500433862 /* TH */,
				0F08DF251764D4D500433862 /* Frameworks */,
				0F08DF231764D4D500433862 /* Products */,
			);
			sourceTree = "<group>";
		};
		0F08DF231764D4D500433862 /* Products */ = {
			isa = PBXGroup;
			children = (
				0F08DF221764D4D500433862 /* TH.app */,
			);
			name = Products;
			sourceTree = "<group>";
		};
		0F08DF251764D4D500433862 /* Frameworks */ = {
			isa = PBXGroup;
			children = (
				0F08DF261764D4D500433862 /* UIKit.framework */,
				0F08DF281764D4D500433862 /* Foundation.framework */,
				0F08DF2A1764D4D500433862 /* CoreGraphics.framework */,
			);
			name = Frameworks;
			sourceTree = "<group>";
		};
		0F08DF2C1764D4D500433862 /* TH */ = {
			isa = PBXGroup;
			children = (
				0F08DF641764D51B00433862 /* xpath */,
				0F08DF431764D51700433862 /* ASIHttpRequest */,
				0F08DF351764D4D500433862 /* AppDelegate.h */,
				0F08DF361764D4D500433862 /* AppDelegate.m */,
				0F08DF381764D4D500433862 /* ViewController.h */,
				0F08DF391764D4D500433862 /* ViewController.m */,
				0F08DF3B1764D4D600433862 /* ViewController.xib */,
				0F08DF2D1764D4D500433862 /* Supporting Files */,
			);
			path = TH;
			sourceTree = "<group>";
		};
		0F08DF2D1764D4D500433862 /* Supporting Files */ = {
			isa = PBXGroup;
			children = (
				0F08DF2E1764D4D500433862 /* TH-Info.plist */,
				0F08DF2F1764D4D500433862 /* InfoPlist.strings */,
				0F08DF321764D4D500433862 /* main.m */,
				0F08DF341764D4D500433862 /* TH-Prefix.pch */,
			);
			name = "Supporting Files";
			sourceTree = "<group>";
		};
		0F08DF431764D51700433862 /* ASIHttpRequest */ = {
			isa = PBXGroup;
			children = (
				0F08DF441764D51700433862 /* ASIAuthenticationDialog.h */,
				0F08DF451764D51700433862 /* ASIAuthenticationDialog.m */,
				0F08DF461764D51700433862 /* ASICacheDelegate.h */,
				0F08DF471764D51700433862 /* ASIDataCompressor.h */,
				0F08DF481764D51700433862 /* ASIDataCompressor.m */,
				0F08DF491764D51700433862 /* ASIDataDecompressor.h */,
				0F08DF4A1764D51700433862 /* ASIDataDecompressor.m */,
				0F08DF4B1764D51700433862 /* ASIDownloadCache.h */,
				0F08DF4C1764D51700433862 /* ASIDownloadCache.m */,
				0F08DF4D1764D51700433862 /* ASIFormDataRequest.h */,
				0F08DF4E1764D51700433862 /* ASIFormDataRequest.m */,
				0F08DF4F1764D51700433862 /* ASIHTTPRequest.h */,
				0F08DF501764D51700433862 /* ASIHTTPRequest.m */,
				0F08DF511764D51700433862 /* ASIHTTPRequestConfig.h */,
				0F08DF521764D51700433862 /* ASIHTTPRequestDelegate.h */,
				0F08DF531764D51700433862 /* ASIInputStream.h */,
				0F08DF541764D51700433862 /* ASIInputStream.m */,
				0F08DF551764D51700433862 /* ASINetworkQueue.h */,
				0F08DF561764D51700433862 /* ASINetworkQueue.m */,
				0F08DF571764D51700433862 /* ASIProgressDelegate.h */,
				0F08DF581764D51700433862 /* Reachability */,
			);
			path = ASIHttpRequest;
			sourceTree = "<group>";
		};
		0F08DF581764D51700433862 /* Reachability */ = {
			isa = PBXGroup;
			children = (
				0F08DF591764D51700433862 /* Reachability.h */,
				0F08DF5A1764D51700433862 /* Reachability.m */,
			);
			path = Reachability;
			sourceTree = "<group>";
		};
		0F08DF641764D51B00433862 /* xpath */ = {
			isa = PBXGroup;
			children = (
				0F08DF651764D51B00433862 /* TFHpple.h */,
				0F08DF661764D51B00433862 /* TFHpple.m */,
				0F08DF671764D51B00433862 /* TFHppleElement.h */,
				0F08DF681764D51B00433862 /* TFHppleElement.m */,
				0F08DF691764D51B00433862 /* XPathQuery.h */,
				0F08DF6A1764D51B00433862 /* XPathQuery.m */,
			);
			path = xpath;
			sourceTree = "<group>";
		};
/* End PBXGroup section */

/* Begin PBXNativeTarget section */
		0F08DF211764D4D500433862 /* TH */ = {
			isa = PBXNativeTarget;
			buildConfigurationList = 0F08DF401764D4D600433862 /* Build configuration list for PBXNativeTarget "TH" */;
			buildPhases = (
				0F08DF1E1764D4D500433862 /* Sources */,
				0F08DF1F1764D4D500433862 /* Frameworks */,
				0F08DF201764D4D500433862 /* Resources */,
			);
			buildRules = (
			);
			dependencies = (
			);
			name = TH;
			productName = TH;
			productReference = 0F08DF221764D4D500433862 /* TH.app */;
			productType = "com.apple.product-type.application";
		};
/* End PBXNativeTarget section */

/* Begin PBXProject section */
		0F08DF191764D4D500433862 /* Project object */ = {
			isa = PBXProject;
			attributes = {
				LastUpgradeCheck = 0440;
				ORGANIZATIONNAME = stjy;
			};
			buildConfigurationList = 0F08DF1C1764D4D500433862 /* Build configuration list for PBXProject "TH" */;
			compatibilityVersion = "Xcode 3.2";
			developmentRegion = English;
			hasScannedForEncodings = 0;
			knownRegions = (
				en,
			);
			mainGroup = 0F08DF171764D4D500433862;
			productRefGroup = 0F08DF231764D4D500433862 /* Products */;
			projectDirPath = "";
			projectRoot = "";
			targets = (
				0F08DF211764D4D500433862 /* TH */,
			);
		};
/* End PBXProject section */

/* Begin PBXResourcesBuildPhase section */
		0F08DF201764D4D500433862 /* Resources */ = {
			isa = PBXResourcesBuildPhase;
			buildActionMask = 2147483647;
			files = (
				0F08DF311764D4D500433862 /* InfoPlist.strings in Resources */,
				0F08DF3D1764D4D600433862 /* ViewController.xib in Resources */,
			);
			runOnlyForDeploymentPostprocessing = 0;
		};
/* End PBXResourcesBuildPhase section */

/* Begin PBXSourcesBuildPhase section */
		0F08DF1E1764D4D500433862 /* Sources */ = {
			isa = PBXSourcesBuildPhase;
			buildActionMask = 2147483647;
			files = (
				0F08DF331764D4D500433862 /* main.m in Sources */,
				0F08DF371764D4D500433862 /* AppDelegate.m in Sources */,
				0F08DF3A1764D4D500433862 /* ViewController.m in Sources */,
				0F08DF5B1764D51700433862 /* ASIAuthenticationDialog.m in Sources */,
				0F08DF5C1764D51700433862 /* ASIDataCompressor.m in Sources */,
				0F08DF5D1764D51700433862 /* ASIDataDecompressor.m in Sources */,
				0F08DF5E1764D51700433862 /* ASIDownloadCache.m in Sources */,
				0F08DF5F1764D51700433862 /* ASIFormDataRequest.m in Sources */,
				0F08DF601764D51700433862 /* ASIHTTPRequest.m in Sources */,
				0F08DF611764D51700433862 /* ASIInputStream.m in Sources */,
				0F08DF621764D51700433862 /* ASINetworkQueue.m in Sources */,
				0F08DF631764D51700433862 /* Reachability.m in Sources */,
				0F08DF6B1764D51B00433862 /* TFHpple.m in Sources */,
				0F08DF6C1764D51B00433862 /* TFHppleElement.m in Sources */,
				0F08DF6D1764D51B00433862 /* XPathQuery.m in Sources */,
			);
			runOnlyForDeploymentPostprocessing = 0;
		};
/* End PBXSourcesBuildPhase section */

/* Begin PBXVariantGroup section */
		0F08DF2F1764D4D500433862 /* InfoPlist.strings */ = {
			isa = PBXVariantGroup;
			children = (
				0F08DF301764D4D500433862 /* en */,
			);
			name = InfoPlist.strings;
			sourceTree = "<group>";
		};
		0F08DF3B1764D4D600433862 /* ViewController.xib */ = {
			isa = PBXVariantGroup;
			children = (
				0F08DF3C1764D4D600433862 /* en */,
			);
			name = ViewController.xib;
			sourceTree = "<group>";
		};
/* End PBXVariantGroup section */

/* Begin XCBuildConfiguration section */
		0F08DF3E1764D4D600433862 /* Debug */ = {
			isa = XCBuildConfiguration;
			buildSettings = {
				ALWAYS_SEARCH_USER_PATHS = NO;
				ARCHS = "$(ARCHS_STANDARD_32_BIT)";
				CLANG_CXX_LANGUAGE_STANDARD = "gnu++0x";
				CLANG_WARN__DUPLICATE_METHOD_MATCH = YES;
				"CODE_SIGN_IDENTITY[sdk=iphoneos*]" = "iPhone Developer";
				COPY_PHASE_STRIP = NO;
				GCC_C_LANGUAGE_STANDARD = gnu99;
				GCC_DYNAMIC_NO_PIC = NO;
				GCC_OPTIMIZATION_LEVEL = 0;
				GCC_PREPROCESSOR_DEFINITIONS = (
					"DEBUG=1",
					"$(inherited)",
				);
				GCC_SYMBOLS_PRIVATE_EXTERN = NO;
				GCC_VERSION = com.apple.compilers.llvm.clang.1_0;
				GCC_WARN_ABOUT_RETURN_TYPE = YES;
				GCC_WARN_UNINITIALIZED_AUTOS = YES;
				GCC_WARN_UNUSED_VARIABLE = YES;
				HEADER_SEARCH_PATHS = /usr/include/libxml2;
				IPHONEOS_DEPLOYMENT_TARGET = 5.1;
				SDKROOT = iphoneos;
			};
			name = Debug;
		};
		0F08DF3F1764D4D600433862 /* Release */ = {
			isa = XCBuildConfiguration;
			buildSettings = {
				ALWAYS_SEARCH_USER_PATHS = NO;
				ARCHS = "$(ARCHS_STANDARD_32_BIT)";
				CLANG_CXX_LANGUAGE_STANDARD = "gnu++0x";
				CLANG_WARN__DUPLICATE_METHOD_MATCH = YES;
				"CODE_SIGN_IDENTITY[sdk=iphoneos*]" = "iPhone Developer";
				COPY_PHASE_STRIP = YES;
				GCC_C_LANGUAGE_STANDARD = gnu99;
				GCC_VERSION = com.apple.compilers.llvm.clang.1_0;
				GCC_WARN_ABOUT_RETURN_TYPE = YES;
				GCC_WARN_UNINITIALIZED_AUTOS = YES;
				GCC_WARN_UNUSED_VARIABLE = YES;
				HEADER_SEARCH_PATHS = /usr/include/libxml2;
				IPHONEOS_DEPLOYMENT_TARGET = 5.1;
				OTHER_CFLAGS = "-DNS_BLOCK_ASSERTIONS=1";
				SDKROOT = iphoneos;
				VALIDATE_PRODUCT = YES;
			};
			name = Release;
		};
		0F08DF411764D4D600433862 /* Debug */ = {
			isa = XCBuildConfiguration;
			buildSettings = {
				GCC_PRECOMPILE_PREFIX_HEADER = YES;
				GCC_PREFIX_HEADER = "TH/TH-Prefix.pch";
				INFOPLIST_FILE = "TH/TH-Info.plist";
				PRODUCT_NAME = "$(TARGET_NAME)";
				WRAPPER_EXTENSION = app;
			};
			name = Debug;
		};
		0F08DF421764D4D600433862 /* Release */ = {
			isa = XCBuildConfiguration;
			buildSettings = {
				GCC_PRECOMPILE_PREFIX_HEADER = YES;
				GCC_PREFIX_HEADER = "TH/TH-Prefix.pch";
				INFOPLIST_FILE = "TH/TH-Info.plist";
				PRODUCT_NAME = "$(TARGET_NAME)";
				WRAPPER_EXTENSION = app;
			};
			name = Release;
		};
/* End XCBuildConfiguration section */

/* Begin XCConfigurationList section */
		0F08DF1C1764D4D500433862 /* Build configuration list for PBXProject "TH" */ = {
			isa = XCConfigurationList;
			buildConfigurations = (
				0F08DF3E1764D4D600433862 /* Debug */,
				0F08DF3F1764D4D600433862 /* Release */,
			);
			defaultConfigurationIsVisible = 0;
			defaultConfigurationName = Release;
		};
		0F08DF401764D4D600433862 /* Build configuration list for PBXNativeTarget "TH" */ = {
			isa = XCConfigurationList;
			buildConfigurations = (
				0F08DF411764D4D600433862 /* Debug */,
				0F08DF421764D4D600433862 /* Release */,
			);
			defaultConfigurationIsVisible = 0;
		};
/* End XCConfigurationList section */
	};
	rootObject = 0F08DF191764D4D500433862 /* Project object */;
}
